schema: '2.0'
stages:
  train:
    cmd: cd examples/mapping_tester  && ./clean.sh &&./run.sh
    params:
      examples/mapping_tester/setup-test.json:
        general:
          function: 0.78 + cos(10*(x+y+z))
          ranks:
            A:
            - 2
            B:
            - 2
          syncmode: true
          meshes:
            A:
              '0.03': ${TEST_LOCATION}/0.03.vtk
              '0.02': ${TEST_LOCATION}/0.02.vtk
              '0.01': ${TEST_LOCATION}/0.01.vtk
              '0.008': ${TEST_LOCATION}/0.008.vtk
              '0.006': ${TEST_LOCATION}/0.006.vtk
              '0.004': ${TEST_LOCATION}/0.004.vtk
            B:
              '0.009': ${TEST_LOCATION}/0.009.vtk
        groups:
        - mapping:
            constraints:
            - consistent
            cases:
              np:
                kind: nearest-projection
              nn:
                kind: nearest-neighbor
          meshes:
            A:
            - '0.03'
            - '0.02'
            - '0.01'
            - '0.008'
            - '0.006'
            - '0.004'
            B:
            - '0.009'
    outs:
    - path: examples/mapping_tester/case
      md5: 637f34a8721cfe1480b4e458801de929.dir
      size: 58577413
      nfiles: 250
    - path: examples/mapping_tester/test-statistics.csv
      md5: 9e45756355ec5c3b9654c5c87835021b
      size: 3294
  run_testes:
    cmd: cd examples/mapping_tester  && ./clean.sh && ./run.sh
    params:
      examples/mapping_tester/setup-test.json:
        general:
          function: 0.78 + cos(10*(x+y+z))
          ranks:
            A:
            - 2
            B:
            - 2
          syncmode: true
          meshes:
            A:
              '0.03': ${TEST_LOCATION}/0.03.vtk
              '0.02': ${TEST_LOCATION}/0.02.vtk
              '0.01': ${TEST_LOCATION}/0.01.vtk
              '0.008': ${TEST_LOCATION}/0.008.vtk
              '0.006': ${TEST_LOCATION}/0.006.vtk
              '0.004': ${TEST_LOCATION}/0.004.vtk
            B:
              '0.009': ${TEST_LOCATION}/0.009.vtk
        groups:
        - mapping:
            constraints:
            - consistent
            cases:
              np:
                kind: nearest-projection
              nn:
                kind: nearest-neighbor
          meshes:
            A:
            - '0.03'
            - '0.02'
            - '0.01'
            - '0.008'
            - '0.006'
            - '0.004'
            B:
            - '0.009'
    outs:
    - path: examples/mapping_tester/case
      md5: 4c2fba7b079d4ddc259b1f5101261557.dir
      size: 57750575
      nfiles: 250
    - path: examples/mapping_tester/test-statistics.csv
      md5: 476933c15a23ce8468aa26c6cf131ad8
      size: 3291
  post_process:
    cmd: cd examples/mapping_tester && python3 ../../tools/mapping-tester/plotconv.py
      -f test-statistics.csv
    deps:
    - path: examples/mapping_tester/test-statistics.csv
      md5: 476933c15a23ce8468aa26c6cf131ad8
      size: 3291
    outs:
    - path: examples/mapping_tester/result-computet.png
      md5: 281dc0619a3356f128e1d92ee0b5d8d6
      size: 39342
    - path: examples/mapping_tester/result-error.png
      md5: c193bce26fe9c1c19796600238b08962
      size: 61650
    - path: examples/mapping_tester/result-mapt.png
      md5: 45435acb8916d54d47c89b9b1daacff3
      size: 25103
    - path: examples/mapping_tester/result-peakMemB.png
      md5: 2de6e47a215ad450f0487de1d82f90ca
      size: 44314
